
Microsoft Visual Studio Solution File, Format Version 12.00
# Visual Studio Version 17
VisualStudioVersion = 17.3.32929.385
MinimumVisualStudioVersion = 10.0.40219.1
Project("{FAE04EC0-301F-11D3-BF4B-00C04F79EFBC}") = "Csharp_exam", "Csharp_exam\Csharp_exam.csproj", "{464D8614-A7DB-44A5-A27C-E6EB0F3D7B14}"
EndProject
Global
	GlobalSection(SolutionConfigurationPlatforms) = preSolution
		Debug|Any CPU = Debug|Any CPU
		Release|Any CPU = Release|Any CPU
	EndGlobalSection
	GlobalSection(ProjectConfigurationPlatforms) = postSolution
		{464D8614-A7DB-44A5-A27C-E6EB0F3D7B14}.Debug|Any CPU.ActiveCfg = Debug|Any CPU
		{464D8614-A7DB-44A5-A27C-E6EB0F3D7B14}.Debug|Any CPU.Build.0 = Debug|Any CPU
		{464D8614-A7DB-44A5-A27C-E6EB0F3D7B14}.Release|Any CPU.ActiveCfg = Release|Any CPU
		{464D8614-A7DB-44A5-A27C-E6EB0F3D7B14}.Release|Any CPU.Build.0 = Release|Any CPU
	EndGlobalSection
	GlobalSection(SolutionProperties) = preSolution
		HideSolutionNode = FALSE
	EndGlobalSection
	GlobalSection(ExtensibilityGlobals) = postSolution
		SolutionGuid = {81E3A6EB-AF6C-448E-A265-2413438D6CE6}
	EndGlobalSection
EndGlobal
